
Microsoft Visual Studio Solution File, Format Version 12.00
# Visual Studio Version 17
VisualStudioVersion = 17.14.37027.9
MinimumVisualStudioVersion = 10.0.40219.1
Project("{FAE04EC0-301F-11D3-BF4B-00C04F79EFBC}") = "Model", "Model\Model.csproj", "{E9BC3FFC-C6EC-4C42-BA22-9B7281287F3A}"
EndProject
Project("{FAE04EC0-301F-11D3-BF4B-00C04F79EFBC}") = "DAL", "DAL\DAL.csproj", "{0A51B367-57FF-4E9D-BA6B-3F06C9B4E781}"
EndProject
Project("{FAE04EC0-301F-11D3-BF4B-00C04F79EFBC}") = "MyStudentMashov", "MyStudentMashov\MyStudentMashov.csproj", "{FB2A9F9D-9643-423C-B6D4-72749BBD37E5}"
EndProject
Project("{FAE04EC0-301F-11D3-BF4B-00C04F79EFBC}") = "MyTeacherMashov", "MyTeacherMashov\MyTeacherMashov.csproj", "{D8B25609-F582-4801-8C97-7E035BC80AC5}"
EndProject
Global
	GlobalSection(SolutionConfigurationPlatforms) = preSolution
		Debug|Any CPU = Debug|Any CPU
		Release|Any CPU = Release|Any CPU
	EndGlobalSection
	GlobalSection(ProjectConfigurationPlatforms) = postSolution
		{E9BC3FFC-C6EC-4C42-BA22-9B7281287F3A}.Debug|Any CPU.ActiveCfg = Debug|Any CPU
		{E9BC3FFC-C6EC-4C42-BA22-9B7281287F3A}.Debug|Any CPU.Build.0 = Debug|Any CPU
		{E9BC3FFC-C6EC-4C42-BA22-9B7281287F3A}.Release|Any CPU.ActiveCfg = Release|Any CPU
		{E9BC3FFC-C6EC-4C42-BA22-9B7281287F3A}.Release|Any CPU.Build.0 = Release|Any CPU
		{0A51B367-57FF-4E9D-BA6B-3F06C9B4E781}.Debug|Any CPU.ActiveCfg = Debug|Any CPU
		{0A51B367-57FF-4E9D-BA6B-3F06C9B4E781}.Debug|Any CPU.Build.0 = Debug|Any CPU
		{0A51B367-57FF-4E9D-BA6B-3F06C9B4E781}.Release|Any CPU.ActiveCfg = Release|Any CPU
		{0A51B367-57FF-4E9D-BA6B-3F06C9B4E781}.Release|Any CPU.Build.0 = Release|Any CPU
		{FB2A9F9D-9643-423C-B6D4-72749BBD37E5}.Debug|Any CPU.ActiveCfg = Debug|Any CPU
		{FB2A9F9D-9643-423C-B6D4-72749BBD37E5}.Debug|Any CPU.Build.0 = Debug|Any CPU
		{FB2A9F9D-9643-423C-B6D4-72749BBD37E5}.Release|Any CPU.ActiveCfg = Release|Any CPU
		{FB2A9F9D-9643-423C-B6D4-72749BBD37E5}.Release|Any CPU.Build.0 = Release|Any CPU
		{D8B25609-F582-4801-8C97-7E035BC80AC5}.Debug|Any CPU.ActiveCfg = Debug|Any CPU
		{D8B25609-F582-4801-8C97-7E035BC80AC5}.Debug|Any CPU.Build.0 = Debug|Any CPU
		{D8B25609-F582-4801-8C97-7E035BC80AC5}.Release|Any CPU.ActiveCfg = Release|Any CPU
		{D8B25609-F582-4801-8C97-7E035BC80AC5}.Release|Any CPU.Build.0 = Release|Any CPU
	EndGlobalSection
	GlobalSection(SolutionProperties) = preSolution
		HideSolutionNode = FALSE
	EndGlobalSection
	GlobalSection(ExtensibilityGlobals) = postSolution
		SolutionGuid = {CF23B6C5-D9F9-42CC-83A4-25B57154D2FF}
	EndGlobalSection
EndGlobal
